
Microsoft Visual Studio Solution File, Format Version 12.00
# Visual Studio Version 16
VisualStudioVersion = 16.0.29102.190
MinimumVisualStudioVersion = 10.0.40219.1
Project("{FAE04EC0-301F-11D3-BF4B-00C04F79EFBC}") = "slug.based.routing", "slug.based.routing.csproj", "{1AB97316-CDD9-4306-BF22-521E4D3DC1AE}"
EndProject
Global
	GlobalSection(SolutionConfigurationPlatforms) = preSolution
		Debug|Any CPU = Debug|Any CPU
		Release|Any CPU = Release|Any CPU
	EndGlobalSection
	GlobalSection(ProjectConfigurationPlatforms) = postSolution
		{1AB97316-CDD9-4306-BF22-521E4D3DC1AE}.Debug|Any CPU.ActiveCfg = Debug|Any CPU
		{1AB97316-CDD9-4306-BF22-521E4D3DC1AE}.Debug|Any CPU.Build.0 = Debug|Any CPU
		{1AB97316-CDD9-4306-BF22-521E4D3DC1AE}.Release|Any CPU.ActiveCfg = Release|Any CPU
		{1AB97316-CDD9-4306-BF22-521E4D3DC1AE}.Release|Any CPU.Build.0 = Release|Any CPU
	EndGlobalSection
	GlobalSection(SolutionProperties) = preSolution
		HideSolutionNode = FALSE
	EndGlobalSection
	GlobalSection(ExtensibilityGlobals) = postSolution
		SolutionGuid = {3BD7527B-6527-4AE4-8569-CDE2416A0C27}
	EndGlobalSection
EndGlobal
